
Microsoft Visual Studio Solution File, Format Version 12.00
# Visual Studio Version 17
VisualStudioVersion = 17.5.002.0
MinimumVisualStudioVersion = 10.0.40219.1
Project("{9A19103F-16F7-4668-BE54-9A1E7A4F7556}") = "min-api-openapi", "min-api-openapi.csproj", "{FBF2C7DC-7C4E-42ED-A1D9-2266C014F1EA}"
EndProject
Global
	GlobalSection(SolutionConfigurationPlatforms) = preSolution
		Debug|Any CPU = Debug|Any CPU
		Release|Any CPU = Release|Any CPU
	EndGlobalSection
	GlobalSection(ProjectConfigurationPlatforms) = postSolution
		{FBF2C7DC-7C4E-42ED-A1D9-2266C014F1EA}.Debug|Any CPU.ActiveCfg = Debug|Any CPU
		{FBF2C7DC-7C4E-42ED-A1D9-2266C014F1EA}.Debug|Any CPU.Build.0 = Debug|Any CPU
		{FBF2C7DC-7C4E-42ED-A1D9-2266C014F1EA}.Release|Any CPU.ActiveCfg = Release|Any CPU
		{FBF2C7DC-7C4E-42ED-A1D9-2266C014F1EA}.Release|Any CPU.Build.0 = Release|Any CPU
	EndGlobalSection
	GlobalSection(SolutionProperties) = preSolution
		HideSolutionNode = FALSE
	EndGlobalSection
	GlobalSection(ExtensibilityGlobals) = postSolution
		SolutionGuid = {B7E1E580-628C-4E73-B2AD-85E78E7F5DDA}
	EndGlobalSection
EndGlobal
